// !$*UTF8*$!
{
	archiveVersion = 1;
	classes = {
	};
	objectVersion = 50;
	objects = {

/* Begin PBXBuildFile section */
		00868CC7C1254916F0BCD100 /* Pods_PicMapUITests.framework in Frameworks */ = {isa = PBXBuildFile; fileRef = 0D9D719C5CFB66983AB85DDE /* Pods_PicMapUITests.framework */; };
		087BA7C23D2CB771DDD7CC44 /* Pods_PicMapTests.framework in Frameworks */ = {isa = PBXBuildFile; fileRef = 69948ED68960E058A1E8A315 /* Pods_PicMapTests.framework */; };
		A1D82EC52264DC9E00FA50ED /* AppDelegate.swift in Sources */ = {isa = PBXBuildFile; fileRef = A1D82EC42264DC9E00FA50ED /* AppDelegate.swift */; };
		A1D82EC72264DC9E00FA50ED /* ViewController.swift in Sources */ = {isa = PBXBuildFile; fileRef = A1D82EC62264DC9E00FA50ED /* ViewController.swift */; };
		A1D82ECA2264DC9E00FA50ED /* Main.storyboard in Resources */ = {isa = PBXBuildFile; fileRef = A1D82EC82264DC9E00FA50ED /* Main.storyboard */; };
		A1D82ECC2264DC9F00FA50ED /* Assets.xcassets in Resources */ = {isa = PBXBuildFile; fileRef = A1D82ECB2264DC9F00FA50ED /* Assets.xcassets */; };
		A1D82ECF2264DC9F00FA50ED /* LaunchScreen.storyboard in Resources */ = {isa = PBXBuildFile; fileRef = A1D82ECD2264DC9F00FA50ED /* LaunchScreen.storyboard */; };
		A1D82EDA2264DC9F00FA50ED /* PicMapTests.swift in Sources */ = {isa = PBXBuildFile; fileRef = A1D82ED92264DC9F00FA50ED /* PicMapTests.swift */; };
		A1D82EE52264DC9F00FA50ED /* PicMapUITests.swift in Sources */ = {isa = PBXBuildFile; fileRef = A1D82EE42264DC9F00FA50ED /* PicMapUITests.swift */; };
		AEFB985481DB24B534F84BF7 /* Pods_PicMap.framework in Frameworks */ = {isa = PBXBuildFile; fileRef = F308BA128D97EAF410631DE0 /* Pods_PicMap.framework */; };
/* End PBXBuildFile section */

/* Begin PBXContainerItemProxy section */
		A1D82ED62264DC9F00FA50ED /* PBXContainerItemProxy */ = {
			isa = PBXContainerItemProxy;
			containerPortal = A1D82EB92264DC9E00FA50ED /* Project object */;
			proxyType = 1;
			remoteGlobalIDString = A1D82EC02264DC9E00FA50ED;
			remoteInfo = PicMap;
		};
		A1D82EE12264DC9F00FA50ED /* PBXContainerItemProxy */ = {
			isa = PBXContainerItemProxy;
			containerPortal = A1D82EB92264DC9E00FA50ED /* Project object */;
			proxyType = 1;
			remoteGlobalIDString = A1D82EC02264DC9E00FA50ED;
			remoteInfo = PicMap;
		};
/* End PBXContainerItemProxy section */

/* Begin PBXFileReference section */
		0D9D719C5CFB66983AB85DDE /* Pods_PicMapUITests.framework */ = {isa = PBXFileReference; explicitFileType = wrapper.framework; includeInIndex = 0; path = Pods_PicMapUITests.framework; sourceTree = BUILT_PRODUCTS_DIR; };
		1DF5EF50B8DC67263D2A00DC /* Pods-PicMapUITests.release.xcconfig */ = {isa = PBXFileReference; includeInIndex = 1; lastKnownFileType = text.xcconfig; name = "Pods-PicMapUITests.release.xcconfig"; path = "Target Support Files/Pods-PicMapUITests/Pods-PicMapUITests.release.xcconfig"; sourceTree = "<group>"; };
		2802B2FA8F144B991723D627 /* Pods-PicMapTests.debug.xcconfig */ = {isa = PBXFileReference; includeInIndex = 1; lastKnownFileType = text.xcconfig; name = "Pods-PicMapTests.debug.xcconfig"; path = "Target Support Files/Pods-PicMapTests/Pods-PicMapTests.debug.xcconfig"; sourceTree = "<group>"; };
		69948ED68960E058A1E8A315 /* Pods_PicMapTests.framework */ = {isa = PBXFileReference; explicitFileType = wrapper.framework; includeInIndex = 0; path = Pods_PicMapTests.framework; sourceTree = BUILT_PRODUCTS_DIR; };
		6BAA25C170EA409FB410C94B /* Pods-PicMapUITests.debug.xcconfig */ = {isa = PBXFileReference; includeInIndex = 1; lastKnownFileType = text.xcconfig; name = "Pods-PicMapUITests.debug.xcconfig"; path = "Target Support Files/Pods-PicMapUITests/Pods-PicMapUITests.debug.xcconfig"; sourceTree = "<group>"; };
		74C1F8BCA5CAE28F796C1955 /* Pods-PicMap.release.xcconfig */ = {isa = PBXFileReference; includeInIndex = 1; lastKnownFileType = text.xcconfig; name = "Pods-PicMap.release.xcconfig"; path = "Target Support Files/Pods-PicMap/Pods-PicMap.release.xcconfig"; sourceTree = "<group>"; };
		9203CAAEB499104F8FAF84BB /* Pods-PicMap.debug.xcconfig */ = {isa = PBXFileReference; includeInIndex = 1; lastKnownFileType = text.xcconfig; name = "Pods-PicMap.debug.xcconfig"; path = "Target Support Files/Pods-PicMap/Pods-PicMap.debug.xcconfig"; sourceTree = "<group>"; };
		959328FA76E9F8A5CA437119 /* Pods-PicMapTests.release.xcconfig */ = {isa = PBXFileReference; includeInIndex = 1; lastKnownFileType = text.xcconfig; name = "Pods-PicMapTests.release.xcconfig"; path = "Target Support Files/Pods-PicMapTests/Pods-PicMapTests.release.xcconfig"; sourceTree = "<group>"; };
		A1D82EC12264DC9E00FA50ED /* PicMap.app */ = {isa = PBXFileReference; explicitFileType = wrapper.application; includeInIndex = 0; path = PicMap.app; sourceTree = BUILT_PRODUCTS_DIR; };
		A1D82EC42264DC9E00FA50ED /* AppDelegate.swift */ = {isa = PBXFileReference; lastKnownFileType = sourcecode.swift; path = AppDelegate.swift; sourceTree = "<group>"; };
		A1D82EC62264DC9E00FA50ED /* ViewController.swift */ = {isa = PBXFileReference; lastKnownFileType = sourcecode.swift; path = ViewController.swift; sourceTree = "<group>"; };
		A1D82EC92264DC9E00FA50ED /* Base */ = {isa = PBXFileReference; lastKnownFileType = file.storyboard; name = Base; path = Base.lproj/Main.storyboard; sourceTree = "<group>"; };
		A1D82ECB2264DC9F00FA50ED /* Assets.xcassets */ = {isa = PBXFileReference; lastKnownFileType = folder.assetcatalog; path = Assets.xcassets; sourceTree = "<group>"; };
		A1D82ECE2264DC9F00FA50ED /* Base */ = {isa = PBXFileReference; lastKnownFileType = file.storyboard; name = Base; path = Base.lproj/LaunchScreen.storyboard; sourceTree = "<group>"; };
		A1D82ED02264DC9F00FA50ED /* Info.plist */ = {isa = PBXFileReference; lastKnownFileType = text.plist.xml; path = Info.plist; sourceTree = "<group>"; };
		A1D82ED52264DC9F00FA50ED /* PicMapTests.xctest */ = {isa = PBXFileReference; explicitFileType = wrapper.cfbundle; includeInIndex = 0; path = PicMapTests.xctest; sourceTree = BUILT_PRODUCTS_DIR; };
		A1D82ED92264DC9F00FA50ED /* PicMapTests.swift */ = {isa = PBXFileReference; lastKnownFileType = sourcecode.swift; path = PicMapTests.swift; sourceTree = "<group>"; };
		A1D82EDB2264DC9F00FA50ED /* Info.plist */ = {isa = PBXFileReference; lastKnownFileType = text.plist.xml; path = Info.plist; sourceTree = "<group>"; };
		A1D82EE02264DC9F00FA50ED /* PicMapUITests.xctest */ = {isa = PBXFileReference; explicitFileType = wrapper.cfbundle; includeInIndex = 0; path = PicMapUITests.xctest; sourceTree = BUILT_PRODUCTS_DIR; };
		A1D82EE42264DC9F00FA50ED /* PicMapUITests.swift */ = {isa = PBXFileReference; lastKnownFileType = sourcecode.swift; path = PicMapUITests.swift; sourceTree = "<group>"; };
		A1D82EE62264DC9F00FA50ED /* Info.plist */ = {isa = PBXFileReference; lastKnownFileType = text.plist.xml; path = Info.plist; sourceTree = "<group>"; };
		F308BA128D97EAF410631DE0 /* Pods_PicMap.framework */ = {isa = PBXFileReference; explicitFileType = wrapper.framework; includeInIndex = 0; path = Pods_PicMap.framework; sourceTree = BUILT_PRODUCTS_DIR; };
/* End PBXFileReference section */

/* Begin PBXFrameworksBuildPhase section */
		A1D82EBE2264DC9E00FA50ED /* Frameworks */ = {
			isa = PBXFrameworksBuildPhase;
			buildActionMask = 2147483647;
			files = (
				AEFB985481DB24B534F84BF7 /* Pods_PicMap.framework in Frameworks */,
			);
			runOnlyForDeploymentPostprocessing = 0;
		};
		A1D82ED22264DC9F00FA50ED /* Frameworks */ = {
			isa = PBXFrameworksBuildPhase;
			buildActionMask = 2147483647;
			files = (
				087BA7C23D2CB771DDD7CC44 /* Pods_PicMapTests.framework in Frameworks */,
			);
			runOnlyForDeploymentPostprocessing = 0;
		};
		A1D82EDD2264DC9F00FA50ED /* Frameworks */ = {
			isa = PBXFrameworksBuildPhase;
			buildActionMask = 2147483647;
			files = (
				00868CC7C1254916F0BCD100 /* Pods_PicMapUITests.framework in Frameworks */,
			);
			runOnlyForDeploymentPostprocessing = 0;
		};
/* End PBXFrameworksBuildPhase section */

/* Begin PBXGroup section */
		A1D82EB82264DC9E00FA50ED = {
			isa = PBXGroup;
			children = (
				A1D82EC32264DC9E00FA50ED /* PicMap */,
				A1D82ED82264DC9F00FA50ED /* PicMapTests */,
				A1D82EE32264DC9F00FA50ED /* PicMapUITests */,
				A1D82EC22264DC9E00FA50ED /* Products */,
				F287953B7DE60643E1532B8E /* Pods */,
				EC9BEC54E7D7F8BC0E331D51 /* Frameworks */,
			);
			sourceTree = "<group>";
		};
		A1D82EC22264DC9E00FA50ED /* Products */ = {
			isa = PBXGroup;
			children = (
				A1D82EC12264DC9E00FA50ED /* PicMap.app */,
				A1D82ED52264DC9F00FA50ED /* PicMapTests.xctest */,
				A1D82EE02264DC9F00FA50ED /* PicMapUITests.xctest */,
			);
			name = Products;
			sourceTree = "<group>";
		};
		A1D82EC32264DC9E00FA50ED /* PicMap */ = {
			isa = PBXGroup;
			children = (
				A1D82EC42264DC9E00FA50ED /* AppDelegate.swift */,
				A1D82EC62264DC9E00FA50ED /* ViewController.swift */,
				A1D82EC82264DC9E00FA50ED /* Main.storyboard */,
				A1D82ECB2264DC9F00FA50ED /* Assets.xcassets */,
				A1D82ECD2264DC9F00FA50ED /* LaunchScreen.storyboard */,
				A1D82ED02264DC9F00FA50ED /* Info.plist */,
			);
			path = PicMap;
			sourceTree = "<group>";
		};
		A1D82ED82264DC9F00FA50ED /* PicMapTests */ = {
			isa = PBXGroup;
			children = (
				A1D82ED92264DC9F00FA50ED /* PicMapTests.swift */,
				A1D82EDB2264DC9F00FA50ED /* Info.plist */,
			);
			path = PicMapTests;
			sourceTree = "<group>";
		};
		A1D82EE32264DC9F00FA50ED /* PicMapUITests */ = {
			isa = PBXGroup;
			children = (
				A1D82EE42264DC9F00FA50ED /* PicMapUITests.swift */,
				A1D82EE62264DC9F00FA50ED /* Info.plist */,
			);
			path = PicMapUITests;
			sourceTree = "<group>";
		};
		EC9BEC54E7D7F8BC0E331D51 /* Frameworks */ = {
			isa = PBXGroup;
			children = (
				F308BA128D97EAF410631DE0 /* Pods_PicMap.framework */,
				69948ED68960E058A1E8A315 /* Pods_PicMapTests.framework */,
				0D9D719C5CFB66983AB85DDE /* Pods_PicMapUITests.framework */,
			);
			name = Frameworks;
			sourceTree = "<group>";
		};
		F287953B7DE60643E1532B8E /* Pods */ = {
			isa = PBXGroup;
			children = (
				9203CAAEB499104F8FAF84BB /* Pods-PicMap.debug.xcconfig */,
				74C1F8BCA5CAE28F796C1955 /* Pods-PicMap.release.xcconfig */,
				2802B2FA8F144B991723D627 /* Pods-PicMapTests.debug.xcconfig */,
				959328FA76E9F8A5CA437119 /* Pods-PicMapTests.release.xcconfig */,
				6BAA25C170EA409FB410C94B /* Pods-PicMapUITests.debug.xcconfig */,
				1DF5EF50B8DC67263D2A00DC /* Pods-PicMapUITests.release.xcconfig */,
			);
			name = Pods;
			path = Pods;
			sourceTree = "<group>";
		};
/* End PBXGroup section */

/* Begin PBXNativeTarget section */
		A1D82EC02264DC9E00FA50ED /* PicMap */ = {
			isa = PBXNativeTarget;
			buildConfigurationList = A1D82EE92264DC9F00FA50ED /* Build configuration list for PBXNativeTarget "PicMap" */;
			buildPhases = (
				5FA1640B58619B5F90E27E53 /* [CP] Check Pods Manifest.lock */,
				A1D82EBD2264DC9E00FA50ED /* Sources */,
				A1D82EBE2264DC9E00FA50ED /* Frameworks */,
				A1D82EBF2264DC9E00FA50ED /* Resources */,
				9F6304449EAAEF3ADF8432B0 /* [CP] Embed Pods Frameworks */,
			);
			buildRules = (
			);
			dependencies = (
			);
			name = PicMap;
			productName = PicMap;
			productReference = A1D82EC12264DC9E00FA50ED /* PicMap.app */;
			productType = "com.apple.product-type.application";
		};
		A1D82ED42264DC9F00FA50ED /* PicMapTests */ = {
			isa = PBXNativeTarget;
			buildConfigurationList = A1D82EEC2264DC9F00FA50ED /* Build configuration list for PBXNativeTarget "PicMapTests" */;
			buildPhases = (
				B50562304C2C59B8586998BE /* [CP] Check Pods Manifest.lock */,
				A1D82ED12264DC9F00FA50ED /* Sources */,
				A1D82ED22264DC9F00FA50ED /* Frameworks */,
				A1D82ED32264DC9F00FA50ED /* Resources */,
			);
			buildRules = (
			);
			dependencies = (
				A1D82ED72264DC9F00FA50ED /* PBXTargetDependency */,
			);
			name = PicMapTests;
			productName = PicMapTests;
			productReference = A1D82ED52264DC9F00FA50ED /* PicMapTests.xctest */;
			productType = "com.apple.product-type.bundle.unit-test";
		};
		A1D82EDF2264DC9F00FA50ED /* PicMapUITests */ = {
			isa = PBXNativeTarget;
			buildConfigurationList = A1D82EEF2264DC9F00FA50ED /* Build configuration list for PBXNativeTarget "PicMapUITests" */;
			buildPhases = (
				46DDBAF9DE824006F11C1764 /* [CP] Check Pods Manifest.lock */,
				A1D82EDC2264DC9F00FA50ED /* Sources */,
				A1D82EDD2264DC9F00FA50ED /* Frameworks */,
				A1D82EDE2264DC9F00FA50ED /* Resources */,
			);
			buildRules = (
			);
			dependencies = (
				A1D82EE22264DC9F00FA50ED /* PBXTargetDependency */,
			);
			name = PicMapUITests;
			productName = PicMapUITests;
			productReference = A1D82EE02264DC9F00FA50ED /* PicMapUITests.xctest */;
			productType = "com.apple.product-type.bundle.ui-testing";
		};
/* End PBXNativeTarget section */

/* Begin PBXProject section */
		A1D82EB92264DC9E00FA50ED /* Project object */ = {
			isa = PBXProject;
			attributes = {
				LastSwiftUpdateCheck = 1020;
				LastUpgradeCheck = 1020;
				ORGANIZATIONNAME = "Laert Xhumari";
				TargetAttributes = {
					A1D82EC02264DC9E00FA50ED = {
						CreatedOnToolsVersion = 10.2;
					};
					A1D82ED42264DC9F00FA50ED = {
						CreatedOnToolsVersion = 10.2;
						TestTargetID = A1D82EC02264DC9E00FA50ED;
					};
					A1D82EDF2264DC9F00FA50ED = {
						CreatedOnToolsVersion = 10.2;
						TestTargetID = A1D82EC02264DC9E00FA50ED;
					};
				};
			};
			buildConfigurationList = A1D82EBC2264DC9E00FA50ED /* Build configuration list for PBXProject "PicMap" */;
			compatibilityVersion = "Xcode 9.3";
			developmentRegion = en;
			hasScannedForEncodings = 0;
			knownRegions = (
				en,
				Base,
			);
			mainGroup = A1D82EB82264DC9E00FA50ED;
			productRefGroup = A1D82EC22264DC9E00FA50ED /* Products */;
			projectDirPath = "";
			projectRoot = "";
			targets = (
				A1D82EC02264DC9E00FA50ED /* PicMap */,
				A1D82ED42264DC9F00FA50ED /* PicMapTests */,
				A1D82EDF2264DC9F00FA50ED /* PicMapUITests */,
			);
		};
/* End PBXProject section */

/* Begin PBXResourcesBuildPhase section */
		A1D82EBF2264DC9E00FA50ED /* Resources */ = {
			isa = PBXResourcesBuildPhase;
			buildActionMask = 2147483647;
			files = (
				A1D82ECF2264DC9F00FA50ED /* LaunchScreen.storyboard in Resources */,
				A1D82ECC2264DC9F00FA50ED /* Assets.xcassets in Resources */,
				A1D82ECA2264DC9E00FA50ED /* Main.storyboard in Resources */,
			);
			runOnlyForDeploymentPostprocessing = 0;
		};
		A1D82ED32264DC9F00FA50ED /* Resources */ = {
			isa = PBXResourcesBuildPhase;
			buildActionMask = 2147483647;
			files = (
			);
			runOnlyForDeploymentPostprocessing = 0;
		};
		A1D82EDE2264DC9F00FA50ED /* Resources */ = {
			isa = PBXResourcesBuildPhase;
			buildActionMask = 2147483647;
			files = (
			);
			runOnlyForDeploymentPostprocessing = 0;
		};
/* End PBXResourcesBuildPhase section */

/* Begin PBXShellScriptBuildPhase section */
		46DDBAF9DE824006F11C1764 /* [CP] Check Pods Manifest.lock */ = {
			isa = PBXShellScriptBuildPhase;
			buildActionMask = 2147483647;
			files = (
			);
			inputFileListPaths = (
			);
			inputPaths = (
				"${PODS_PODFILE_DIR_PATH}/Podfile.lock",
				"${PODS_ROOT}/Manifest.lock",
			);
			name = "[CP] Check Pods Manifest.lock";
			outputFileListPaths = (
			);
			outputPaths = (
				"$(DERIVED_FILE_DIR)/Pods-PicMapUITests-checkManifestLockResult.txt",
			);
			runOnlyForDeploymentPostprocessing = 0;
			shellPath = /bin/sh;
			shellScript = "diff \"${PODS_PODFILE_DIR_PATH}/Podfile.lock\" \"${PODS_ROOT}/Manifest.lock\" > /dev/null\nif [ $? != 0 ] ; then\n    # print error to STDERR\n    echo \"error: The sandbox is not in sync with the Podfile.lock. Run 'pod install' or update your CocoaPods installation.\" >&2\n    exit 1\nfi\n# This output is used by Xcode 'outputs' to avoid re-running this script phase.\necho \"SUCCESS\" > \"${SCRIPT_OUTPUT_FILE_0}\"\n";
			showEnvVarsInLog = 0;
		};
		5FA1640B58619B5F90E27E53 /* [CP] Check Pods Manifest.lock */ = {
			isa = PBXShellScriptBuildPhase;
			buildActionMask = 2147483647;
			files = (
			);
			inputFileListPaths = (
			);
			inputPaths = (
				"${PODS_PODFILE_DIR_PATH}/Podfile.lock",
				"${PODS_ROOT}/Manifest.lock",
			);
			name = "[CP] Check Pods Manifest.lock";
			outputFileListPaths = (
			);
			outputPaths = (
				"$(DERIVED_FILE_DIR)/Pods-PicMap-checkManifestLockResult.txt",
			);
			runOnlyForDeploymentPostprocessing = 0;
			shellPath = /bin/sh;
			shellScript = "diff \"${PODS_PODFILE_DIR_PATH}/Podfile.lock\" \"${PODS_ROOT}/Manifest.lock\" > /dev/null\nif [ $? != 0 ] ; then\n    # print error to STDERR\n    echo \"error: The sandbox is not in sync with the Podfile.lock. Run 'pod install' or update your CocoaPods installation.\" >&2\n    exit 1\nfi\n# This output is used by Xcode 'outputs' to avoid re-running this script phase.\necho \"SUCCESS\" > \"${SCRIPT_OUTPUT_FILE_0}\"\n";
			showEnvVarsInLog = 0;
		};
		9F6304449EAAEF3ADF8432B0 /* [CP] Embed Pods Frameworks */ = {
			isa = PBXShellScriptBuildPhase;
			buildActionMask = 2147483647;
			files = (
			);
			inputFileListPaths = (
			);
			inputPaths = (
				"${PODS_ROOT}/Target Support Files/Pods-PicMap/Pods-PicMap-frameworks.sh",
				"${BUILT_PRODUCTS_DIR}/Bolts/Bolts.framework",
				"${BUILT_PRODUCTS_DIR}/Parse/Parse.framework",
			);
			name = "[CP] Embed Pods Frameworks";
			outputFileListPaths = (
			);
			outputPaths = (
				"${TARGET_BUILD_DIR}/${FRAMEWORKS_FOLDER_PATH}/Bolts.framework",
				"${TARGET_BUILD_DIR}/${FRAMEWORKS_FOLDER_PATH}/Parse.framework",
			);
			runOnlyForDeploymentPostprocessing = 0;
			shellPath = /bin/sh;
			shellScript = "\"${PODS_ROOT}/Target Support Files/Pods-PicMap/Pods-PicMap-frameworks.sh\"\n";
			showEnvVarsInLog = 0;
		};
		B50562304C2C59B8586998BE /* [CP] Check Pods Manifest.lock */ = {
			isa = PBXShellScriptBuildPhase;
			buildActionMask = 2147483647;
			files = (
			);
			inputFileListPaths = (
			);
			inputPaths = (
				"${PODS_PODFILE_DIR_PATH}/Podfile.lock",
				"${PODS_ROOT}/Manifest.lock",
			);
			name = "[CP] Check Pods Manifest.lock";
			outputFileListPaths = (
			);
			outputPaths = (
				"$(DERIVED_FILE_DIR)/Pods-PicMapTests-checkManifestLockResult.txt",
			);
			runOnlyForDeploymentPostprocessing = 0;
			shellPath = /bin/sh;
			shellScript = "diff \"${PODS_PODFILE_DIR_PATH}/Podfile.lock\" \"${PODS_ROOT}/Manifest.lock\" > /dev/null\nif [ $? != 0 ] ; then\n    # print error to STDERR\n    echo \"error: The sandbox is not in sync with the Podfile.lock. Run 'pod install' or update your CocoaPods installation.\" >&2\n    exit 1\nfi\n# This output is used by Xcode 'outputs' to avoid re-running this script phase.\necho \"SUCCESS\" > \"${SCRIPT_OUTPUT_FILE_0}\"\n";
			showEnvVarsInLog = 0;
		};
/* End PBXShellScriptBuildPhase section */

/* Begin PBXSourcesBuildPhase section */
		A1D82EBD2264DC9E00FA50ED /* Sources */ = {
			isa = PBXSourcesBuildPhase;
			buildActionMask = 2147483647;
			files = (
				A1D82EC72264DC9E00FA50ED /* ViewController.swift in Sources */,
				A1D82EC52264DC9E00FA50ED /* AppDelegate.swift in Sources */,
			);
			runOnlyForDeploymentPostprocessing = 0;
		};
		A1D82ED12264DC9F00FA50ED /* Sources */ = {
			isa = PBXSourcesBuildPhase;
			buildActionMask = 2147483647;
			files = (
				A1D82EDA2264DC9F00FA50ED /* PicMapTests.swift in Sources */,
			);
			runOnlyForDeploymentPostprocessing = 0;
		};
		A1D82EDC2264DC9F00FA50ED /* Sources */ = {
			isa = PBXSourcesBuildPhase;
			buildActionMask = 2147483647;
			files = (
				A1D82EE52264DC9F00FA50ED /* PicMapUITests.swift in Sources */,
			);
			runOnlyForDeploymentPostprocessing = 0;
		};
/* End PBXSourcesBuildPhase section */

/* Begin PBXTargetDependency section */
		A1D82ED72264DC9F00FA50ED /* PBXTargetDependency */ = {
			isa = PBXTargetDependency;
			target = A1D82EC02264DC9E00FA50ED /* PicMap */;
			targetProxy = A1D82ED62264DC9F00FA50ED /* PBXContainerItemProxy */;
		};
		A1D82EE22264DC9F00FA50ED /* PBXTargetDependency */ = {
			isa = PBXTargetDependency;
			target = A1D82EC02264DC9E00FA50ED /* PicMap */;
			targetProxy = A1D82EE12264DC9F00FA50ED /* PBXContainerItemProxy */;
		};
/* End PBXTargetDependency section */

/* Begin PBXVariantGroup section */
		A1D82EC82264DC9E00FA50ED /* Main.storyboard */ = {
			isa = PBXVariantGroup;
			children = (
				A1D82EC92264DC9E00FA50ED /* Base */,
			);
			name = Main.storyboard;
			sourceTree = "<group>";
		};
		A1D82ECD2264DC9F00FA50ED /* LaunchScreen.storyboard */ = {
			isa = PBXVariantGroup;
			children = (
				A1D82ECE2264DC9F00FA50ED /* Base */,
			);
			name = LaunchScreen.storyboard;
			sourceTree = "<group>";
		};
/* End PBXVariantGroup section */

/* Begin XCBuildConfiguration section */
		A1D82EE72264DC9F00FA50ED /* Debug */ = {
			isa = XCBuildConfiguration;
			buildSettings = {
				ALWAYS_SEARCH_USER_PATHS = NO;
				CLANG_ANALYZER_NONNULL = YES;
				CLANG_ANALYZER_NUMBER_OBJECT_CONVERSION = YES_AGGRESSIVE;
				CLANG_CXX_LANGUAGE_STANDARD = "gnu++14";
				CLANG_CXX_LIBRARY = "libc++";
				CLANG_ENABLE_MODULES = YES;
				CLANG_ENABLE_OBJC_ARC = YES;
				CLANG_ENABLE_OBJC_WEAK = YES;
				CLANG_WARN_BLOCK_CAPTURE_AUTORELEASING = YES;
				CLANG_WARN_BOOL_CONVERSION = YES;
				CLANG_WARN_COMMA = YES;
				CLANG_WARN_CONSTANT_CONVERSION = YES;
				CLANG_WARN_DEPRECATED_OBJC_IMPLEMENTATIONS = YES;
				CLANG_WARN_DIRECT_OBJC_ISA_USAGE = YES_ERROR;
				CLANG_WARN_DOCUMENTATION_COMMENTS = YES;
				CLANG_WARN_EMPTY_BODY = YES;
				CLANG_WARN_ENUM_CONVERSION = YES;
				CLANG_WARN_INFINITE_RECURSION = YES;
				CLANG_WARN_INT_CONVERSION = YES;
				CLANG_WARN_NON_LITERAL_NULL_CONVERSION = YES;
				CLANG_WARN_OBJC_IMPLICIT_RETAIN_SELF = YES;
				CLANG_WARN_OBJC_LITERAL_CONVERSION = YES;
				CLANG_WARN_OBJC_ROOT_CLASS = YES_ERROR;
				CLANG_WARN_RANGE_LOOP_ANALYSIS = YES;
				CLANG_WARN_STRICT_PROTOTYPES = YES;
				CLANG_WARN_SUSPICIOUS_MOVE = YES;
				CLANG_WARN_UNGUARDED_AVAILABILITY = YES_AGGRESSIVE;
				CLANG_WARN_UNREACHABLE_CODE = YES;
				CLANG_WARN__DUPLICATE_METHOD_MATCH = YES;
				CODE_SIGN_IDENTITY = "iPhone Developer";
				COPY_PHASE_STRIP = NO;
				DEBUG_INFORMATION_FORMAT = dwarf;
				ENABLE_STRICT_OBJC_MSGSEND = YES;
				ENABLE_TESTABILITY = YES;
				GCC_C_LANGUAGE_STANDARD = gnu11;
				GCC_DYNAMIC_NO_PIC = NO;
				GCC_NO_COMMON_BLOCKS = YES;
				GCC_OPTIMIZATION_LEVEL = 0;
				GCC_PREPROCESSOR_DEFINITIONS = (
					"DEBUG=1",
					"$(inherited)",
				);
				GCC_WARN_64_TO_32_BIT_CONVERSION = YES;
				GCC_WARN_ABOUT_RETURN_TYPE = YES_ERROR;
				GCC_WARN_UNDECLARED_SELECTOR = YES;
				GCC_WARN_UNINITIALIZED_AUTOS = YES_AGGRESSIVE;
				GCC_WARN_UNUSED_FUNCTION = YES;
				GCC_WARN_UNUSED_VARIABLE = YES;
				IPHONEOS_DEPLOYMENT_TARGET = 12.2;
				MTL_ENABLE_DEBUG_INFO = INCLUDE_SOURCE;
				MTL_FAST_MATH = YES;
				ONLY_ACTIVE_ARCH = YES;
				SDKROOT = iphoneos;
				SWIFT_ACTIVE_COMPILATION_CONDITIONS = DEBUG;
				SWIFT_OPTIMIZATION_LEVEL = "-Onone";
			};
			name = Debug;
		};
		A1D82EE82264DC9F00FA50ED /* Release */ = {
			isa = XCBuildConfiguration;
			buildSettings = {
				ALWAYS_SEARCH_USER_PATHS = NO;
				CLANG_ANALYZER_NONNULL = YES;
				CLANG_ANALYZER_NUMBER_OBJECT_CONVERSION = YES_AGGRESSIVE;
				CLANG_CXX_LANGUAGE_STANDARD = "gnu++14";
				CLANG_CXX_LIBRARY = "libc++";
				CLANG_ENABLE_MODULES = YES;
				CLANG_ENABLE_OBJC_ARC = YES;
				CLANG_ENABLE_OBJC_WEAK = YES;
				CLANG_WARN_BLOCK_CAPTURE_AUTORELEASING = YES;
				CLANG_WARN_BOOL_CONVERSION = YES;
				CLANG_WARN_COMMA = YES;
				CLANG_WARN_CONSTANT_CONVERSION = YES;
				CLANG_WARN_DEPRECATED_OBJC_IMPLEMENTATIONS = YES;
				CLANG_WARN_DIRECT_OBJC_ISA_USAGE = YES_ERROR;
				CLANG_WARN_DOCUMENTATION_COMMENTS = YES;
				CLANG_WARN_EMPTY_BODY = YES;
				CLANG_WARN_ENUM_CONVERSION = YES;
				CLANG_WARN_INFINITE_RECURSION = YES;
				CLANG_WARN_INT_CONVERSION = YES;
				CLANG_WARN_NON_LITERAL_NULL_CONVERSION = YES;
				CLANG_WARN_OBJC_IMPLICIT_RETAIN_SELF = YES;
				CLANG_WARN_OBJC_LITERAL_CONVERSION = YES;
				CLANG_WARN_OBJC_ROOT_CLASS = YES_ERROR;
				CLANG_WARN_RANGE_LOOP_ANALYSIS = YES;
				CLANG_WARN_STRICT_PROTOTYPES = YES;
				CLANG_WARN_SUSPICIOUS_MOVE = YES;
				CLANG_WARN_UNGUARDED_AVAILABILITY = YES_AGGRESSIVE;
				CLANG_WARN_UNREACHABLE_CODE = YES;
				CLANG_WARN__DUPLICATE_METHOD_MATCH = YES;
				CODE_SIGN_IDENTITY = "iPhone Developer";
				COPY_PHASE_STRIP = NO;
				DEBUG_INFORMATION_FORMAT = "dwarf-with-dsym";
				ENABLE_NS_ASSERTIONS = NO;
				ENABLE_STRICT_OBJC_MSGSEND = YES;
				GCC_C_LANGUAGE_STANDARD = gnu11;
				GCC_NO_COMMON_BLOCKS = YES;
				GCC_WARN_64_TO_32_BIT_CONVERSION = YES;
				GCC_WARN_ABOUT_RETURN_TYPE = YES_ERROR;
				GCC_WARN_UNDECLARED_SELECTOR = YES;
				GCC_WARN_UNINITIALIZED_AUTOS = YES_AGGRESSIVE;
				GCC_WARN_UNUSED_FUNCTION = YES;
				GCC_WARN_UNUSED_VARIABLE = YES;
				IPHONEOS_DEPLOYMENT_TARGET = 12.2;
				MTL_ENABLE_DEBUG_INFO = NO;
				MTL_FAST_MATH = YES;
				SDKROOT = iphoneos;
				SWIFT_COMPILATION_MODE = wholemodule;
				SWIFT_OPTIMIZATION_LEVEL = "-O";
				VALIDATE_PRODUCT = YES;
			};
			name = Release;
		};
		A1D82EEA2264DC9F00FA50ED /* Debug */ = {
			isa = XCBuildConfiguration;
			baseConfigurationReference = 9203CAAEB499104F8FAF84BB /* Pods-PicMap.debug.xcconfig */;
			buildSettings = {
				ASSETCATALOG_COMPILER_APPICON_NAME = AppIcon;
				CODE_SIGN_STYLE = Automatic;
				INFOPLIST_FILE = PicMap/Info.plist;
				LD_RUNPATH_SEARCH_PATHS = (
					"$(inherited)",
					"@executable_path/Frameworks",
				);
				PRODUCT_BUNDLE_IDENTIFIER = com.codepath.PicMap;
				PRODUCT_NAME = "$(TARGET_NAME)";
				SWIFT_VERSION = 5.0;
				TARGETED_DEVICE_FAMILY = "1,2";
			};
			name = Debug;
		};
		A1D82EEB2264DC9F00FA50ED /* Release */ = {
			isa = XCBuildConfiguration;
			baseConfigurationReference = 74C1F8BCA5CAE28F796C1955 /* Pods-PicMap.release.xcconfig */;
			buildSettings = {
				ASSETCATALOG_COMPILER_APPICON_NAME = AppIcon;
				CODE_SIGN_STYLE = Automatic;
				INFOPLIST_FILE = PicMap/Info.plist;
				LD_RUNPATH_SEARCH_PATHS = (
					"$(inherited)",
					"@executable_path/Frameworks",
				);
				PRODUCT_BUNDLE_IDENTIFIER = com.codepath.PicMap;
				PRODUCT_NAME = "$(TARGET_NAME)";
				SWIFT_VERSION = 5.0;
				TARGETED_DEVICE_FAMILY = "1,2";
			};
			name = Release;
		};
		A1D82EED2264DC9F00FA50ED /* Debug */ = {
			isa = XCBuildConfiguration;
			baseConfigurationReference = 2802B2FA8F144B991723D627 /* Pods-PicMapTests.debug.xcconfig */;
			buildSettings = {
				ALWAYS_EMBED_SWIFT_STANDARD_LIBRARIES = YES;
				BUNDLE_LOADER = "$(TEST_HOST)";
				CODE_SIGN_STYLE = Automatic;
				INFOPLIST_FILE = PicMapTests/Info.plist;
				LD_RUNPATH_SEARCH_PATHS = (
					"$(inherited)",
					"@executable_path/Frameworks",
					"@loader_path/Frameworks",
				);
				PRODUCT_BUNDLE_IDENTIFIER = com.codepath.PicMapTests;
				PRODUCT_NAME = "$(TARGET_NAME)";
				SWIFT_VERSION = 5.0;
				TARGETED_DEVICE_FAMILY = "1,2";
				TEST_HOST = "$(BUILT_PRODUCTS_DIR)/PicMap.app/PicMap";
			};
			name = Debug;
		};
		A1D82EEE2264DC9F00FA50ED /* Release */ = {
			isa = XCBuildConfiguration;
			baseConfigurationReference = 959328FA76E9F8A5CA437119 /* Pods-PicMapTests.release.xcconfig */;
			buildSettings = {
				ALWAYS_EMBED_SWIFT_STANDARD_LIBRARIES = YES;
				BUNDLE_LOADER = "$(TEST_HOST)";
				CODE_SIGN_STYLE = Automatic;
				INFOPLIST_FILE = PicMapTests/Info.plist;
				LD_RUNPATH_SEARCH_PATHS = (
					"$(inherited)",
					"@executable_path/Frameworks",
					"@loader_path/Frameworks",
				);
				PRODUCT_BUNDLE_IDENTIFIER = com.codepath.PicMapTests;
				PRODUCT_NAME = "$(TARGET_NAME)";
				SWIFT_VERSION = 5.0;
				TARGETED_DEVICE_FAMILY = "1,2";
				TEST_HOST = "$(BUILT_PRODUCTS_DIR)/PicMap.app/PicMap";
			};
			name = Release;
		};
		A1D82EF02264DC9F00FA50ED /* Debug */ = {
			isa = XCBuildConfiguration;
			baseConfigurationReference = 6BAA25C170EA409FB410C94B /* Pods-PicMapUITests.debug.xcconfig */;
			buildSettings = {
				ALWAYS_EMBED_SWIFT_STANDARD_LIBRARIES = YES;
				CODE_SIGN_STYLE = Automatic;
				INFOPLIST_FILE = PicMapUITests/Info.plist;
				LD_RUNPATH_SEARCH_PATHS = (
					"$(inherited)",
					"@executable_path/Frameworks",
					"@loader_path/Frameworks",
				);
				PRODUCT_BUNDLE_IDENTIFIER = com.codepath.PicMapUITests;
				PRODUCT_NAME = "$(TARGET_NAME)";
				SWIFT_VERSION = 5.0;
				TARGETED_DEVICE_FAMILY = "1,2";
				TEST_TARGET_NAME = PicMap;
			};
			name = Debug;
		};
		A1D82EF12264DC9F00FA50ED /* Release */ = {
			isa = XCBuildConfiguration;
			baseConfigurationReference = 1DF5EF50B8DC67263D2A00DC /* Pods-PicMapUITests.release.xcconfig */;
			buildSettings = {
				ALWAYS_EMBED_SWIFT_STANDARD_LIBRARIES = YES;
				CODE_SIGN_STYLE = Automatic;
				INFOPLIST_FILE = PicMapUITests/Info.plist;
				LD_RUNPATH_SEARCH_PATHS = (
					"$(inherited)",
					"@executable_path/Frameworks",
					"@loader_path/Frameworks",
				);
				PRODUCT_BUNDLE_IDENTIFIER = com.codepath.PicMapUITests;
				PRODUCT_NAME = "$(TARGET_NAME)";
				SWIFT_VERSION = 5.0;
				TARGETED_DEVICE_FAMILY = "1,2";
				TEST_TARGET_NAME = PicMap;
			};
			name = Release;
		};
/* End XCBuildConfiguration section */

/* Begin XCConfigurationList section */
		A1D82EBC2264DC9E00FA50ED /* Build configuration list for PBXProject "PicMap" */ = {
			isa = XCConfigurationList;
			buildConfigurations = (
				A1D82EE72264DC9F00FA50ED /* Debug */,
				A1D82EE82264DC9F00FA50ED /* Release */,
			);
			defaultConfigurationIsVisible = 0;
			defaultConfigurationName = Release;
		};
		A1D82EE92264DC9F00FA50ED /* Build configuration list for PBXNativeTarget "PicMap" */ = {
			isa = XCConfigurationList;
			buildConfigurations = (
				A1D82EEA2264DC9F00FA50ED /* Debug */,
				A1D82EEB2264DC9F00FA50ED /* Release */,
			);
			defaultConfigurationIsVisible = 0;
			defaultConfigurationName = Release;
		};
		A1D82EEC2264DC9F00FA50ED /* Build configuration list for PBXNativeTarget "PicMapTests" */ = {
			isa = XCConfigurationList;
			buildConfigurations = (
				A1D82EED2264DC9F00FA50ED /* Debug */,
				A1D82EEE2264DC9F00FA50ED /* Release */,
			);
			defaultConfigurationIsVisible = 0;
			defaultConfigurationName = Release;
		};
		A1D82EEF2264DC9F00FA50ED /* Build configuration list for PBXNativeTarget "PicMapUITests" */ = {
			isa = XCConfigurationList;
			buildConfigurations = (
				A1D82EF02264DC9F00FA50ED /* Debug */,
				A1D82EF12264DC9F00FA50ED /* Release */,
			);
			defaultConfigurationIsVisible = 0;
			defaultConfigurationName = Release;
		};
/* End XCConfigurationList section */
	};
	rootObject = A1D82EB92264DC9E00FA50ED /* Project object */;
}
